
Microsoft Visual Studio Solution File, Format Version 12.00
# Visual Studio Version 16
VisualStudioVersion = 16.0.30320.27
MinimumVisualStudioVersion = 10.0.40219.1
Project("{9A19103F-16F7-4668-BE54-9A1E7A4F7556}") = "Inspiring.Primitives", "Inspiring.Primitives\Inspiring.Primitives.csproj", "{F611BAC4-E7F1-4241-BE15-2CCD94730256}"
EndProject
Project("{9A19103F-16F7-4668-BE54-9A1E7A4F7556}") = "Inspiring.Primitives.Tests", "Inspiring.Primitives.Tests\Inspiring.Primitives.Tests.csproj", "{E3924917-E64F-45EB-940E-4ACBDDB86D1C}"
EndProject
Project("{FAE04EC0-301F-11D3-BF4B-00C04F79EFBC}") = "FluentAssertions.Inspiring.Primitives", "FluentAssertions.Inspiring.Primitives\FluentAssertions.Inspiring.Primitives.csproj", "{C17986E6-C647-4BAB-8116-ECDDCF1EB6CD}"
EndProject
Global
	GlobalSection(SolutionConfigurationPlatforms) = preSolution
		Debug|Any CPU = Debug|Any CPU
		Release|Any CPU = Release|Any CPU
	EndGlobalSection
	GlobalSection(ProjectConfigurationPlatforms) = postSolution
		{F611BAC4-E7F1-4241-BE15-2CCD94730256}.Debug|Any CPU.ActiveCfg = Debug|Any CPU
		{F611BAC4-E7F1-4241-BE15-2CCD94730256}.Debug|Any CPU.Build.0 = Debug|Any CPU
		{F611BAC4-E7F1-4241-BE15-2CCD94730256}.Release|Any CPU.ActiveCfg = Release|Any CPU
		{F611BAC4-E7F1-4241-BE15-2CCD94730256}.Release|Any CPU.Build.0 = Release|Any CPU
		{E3924917-E64F-45EB-940E-4ACBDDB86D1C}.Debug|Any CPU.ActiveCfg = Debug|Any CPU
		{E3924917-E64F-45EB-940E-4ACBDDB86D1C}.Debug|Any CPU.Build.0 = Debug|Any CPU
		{E3924917-E64F-45EB-940E-4ACBDDB86D1C}.Release|Any CPU.ActiveCfg = Release|Any CPU
		{E3924917-E64F-45EB-940E-4ACBDDB86D1C}.Release|Any CPU.Build.0 = Release|Any CPU
		{C17986E6-C647-4BAB-8116-ECDDCF1EB6CD}.Debug|Any CPU.ActiveCfg = Debug|Any CPU
		{C17986E6-C647-4BAB-8116-ECDDCF1EB6CD}.Debug|Any CPU.Build.0 = Debug|Any CPU
		{C17986E6-C647-4BAB-8116-ECDDCF1EB6CD}.Release|Any CPU.ActiveCfg = Release|Any CPU
		{C17986E6-C647-4BAB-8116-ECDDCF1EB6CD}.Release|Any CPU.Build.0 = Release|Any CPU
	EndGlobalSection
	GlobalSection(SolutionProperties) = preSolution
		HideSolutionNode = FALSE
	EndGlobalSection
	GlobalSection(ExtensibilityGlobals) = postSolution
		SolutionGuid = {BBE73795-1F6F-4388-89CB-298799EDBD8E}
	EndGlobalSection
EndGlobal
